Microsoft Visual Studio Solution File, Format Version 8.00
Project("{FAE04EC0-301F-11D3-BF4B-00C04F79EFBC}") = "Sudoku", "Sudoku.csproj", "{D1341CA9-9B51-45E3-958B-723B605D96B7}"
	ProjectSection(ProjectDependencies) = postProject
	EndProjectSection
EndProject
Global
	GlobalSection(SolutionConfiguration) = preSolution
		Debug = Debug
		Release = Release
	EndGlobalSection
	GlobalSection(ProjectConfiguration) = postSolution
		{D1341CA9-9B51-45E3-958B-723B605D96B7}.Debug.ActiveCfg = Debug|.NET
		{D1341CA9-9B51-45E3-958B-723B605D96B7}.Debug.Build.0 = Debug|.NET
		{D1341CA9-9B51-45E3-958B-723B605D96B7}.Release.ActiveCfg = Release|.NET
		{D1341CA9-9B51-45E3-958B-723B605D96B7}.Release.Build.0 = Release|.NET
	EndGlobalSection
	GlobalSection(ExtensibilityGlobals) = postSolution
	EndGlobalSection
	GlobalSection(ExtensibilityAddIns) = postSolution
	EndGlobalSection
EndGlobal
